
Microsoft Visual Studio Solution File, Format Version 12.00
# Visual Studio 14
VisualStudioVersion = 14.0.25420.1
MinimumVisualStudioVersion = 10.0.40219.1
Project("{FAE04EC0-301F-11D3-BF4B-00C04F79EFBC}") = "01.SinoTheWalker", "01.SinoTheWalker\01.SinoTheWalker.csproj", "{09B54E0A-DDCD-47B4-B028-3E9C2450C78E}"
EndProject
Project("{FAE04EC0-301F-11D3-BF4B-00C04F79EFBC}") = "02.SoftUniKaraoke", "02.SoftUniKaraoke\02.SoftUniKaraoke.csproj", "{99EC01AE-A0C9-4587-A7EB-52CA5F6C83F3}"
EndProject
Project("{FAE04EC0-301F-11D3-BF4B-00C04F79EFBC}") = "03.EnduranceRally", "03.EnduranceRally\03.EnduranceRally.csproj", "{DD86872D-5976-4971-8CC2-DD8DEF4BA71F}"
EndProject
Project("{FAE04EC0-301F-11D3-BF4B-00C04F79EFBC}") = "04.WinningTicket", "04.WinningTicket\04.WinningTicket.csproj", "{11D7ABA3-2FC9-4F99-BD68-3A681CB15518}"
EndProject
Project("{FAE04EC0-301F-11D3-BF4B-00C04F79EFBC}") = "04.WinningTicketAlternateSolution", "04.WinningTicketAlternateSolution\04.WinningTicketAlternateSolution.csproj", "{A68C4E6B-86BF-4DA3-B504-B3E9B08C45C2}"
EndProject
Global
	GlobalSection(SolutionConfigurationPlatforms) = preSolution
		Debug|Any CPU = Debug|Any CPU
		Release|Any CPU = Release|Any CPU
	EndGlobalSection
	GlobalSection(ProjectConfigurationPlatforms) = postSolution
		{09B54E0A-DDCD-47B4-B028-3E9C2450C78E}.Debug|Any CPU.ActiveCfg = Debug|Any CPU
		{09B54E0A-DDCD-47B4-B028-3E9C2450C78E}.Debug|Any CPU.Build.0 = Debug|Any CPU
		{09B54E0A-DDCD-47B4-B028-3E9C2450C78E}.Release|Any CPU.ActiveCfg = Release|Any CPU
		{09B54E0A-DDCD-47B4-B028-3E9C2450C78E}.Release|Any CPU.Build.0 = Release|Any CPU
		{99EC01AE-A0C9-4587-A7EB-52CA5F6C83F3}.Debug|Any CPU.ActiveCfg = Debug|Any CPU
		{99EC01AE-A0C9-4587-A7EB-52CA5F6C83F3}.Debug|Any CPU.Build.0 = Debug|Any CPU
		{99EC01AE-A0C9-4587-A7EB-52CA5F6C83F3}.Release|Any CPU.ActiveCfg = Release|Any CPU
		{99EC01AE-A0C9-4587-A7EB-52CA5F6C83F3}.Release|Any CPU.Build.0 = Release|Any CPU
		{DD86872D-5976-4971-8CC2-DD8DEF4BA71F}.Debug|Any CPU.ActiveCfg = Debug|Any CPU
		{DD86872D-5976-4971-8CC2-DD8DEF4BA71F}.Debug|Any CPU.Build.0 = Debug|Any CPU
		{DD86872D-5976-4971-8CC2-DD8DEF4BA71F}.Release|Any CPU.ActiveCfg = Release|Any CPU
		{DD86872D-5976-4971-8CC2-DD8DEF4BA71F}.Release|Any CPU.Build.0 = Release|Any CPU
		{11D7ABA3-2FC9-4F99-BD68-3A681CB15518}.Debug|Any CPU.ActiveCfg = Debug|Any CPU
		{11D7ABA3-2FC9-4F99-BD68-3A681CB15518}.Debug|Any CPU.Build.0 = Debug|Any CPU
		{11D7ABA3-2FC9-4F99-BD68-3A681CB15518}.Release|Any CPU.ActiveCfg = Release|Any CPU
		{11D7ABA3-2FC9-4F99-BD68-3A681CB15518}.Release|Any CPU.Build.0 = Release|Any CPU
		{A68C4E6B-86BF-4DA3-B504-B3E9B08C45C2}.Debug|Any CPU.ActiveCfg = Debug|Any CPU
		{A68C4E6B-86BF-4DA3-B504-B3E9B08C45C2}.Debug|Any CPU.Build.0 = Debug|Any CPU
		{A68C4E6B-86BF-4DA3-B504-B3E9B08C45C2}.Release|Any CPU.ActiveCfg = Release|Any CPU
		{A68C4E6B-86BF-4DA3-B504-B3E9B08C45C2}.Release|Any CPU.Build.0 = Release|Any CPU
	EndGlobalSection
	GlobalSection(SolutionProperties) = preSolution
		HideSolutionNode = FALSE
	EndGlobalSection
EndGlobal
