
Microsoft Visual Studio Solution File, Format Version 12.00
# Visual Studio 14
VisualStudioVersion = 14.0.25420.1
MinimumVisualStudioVersion = 10.0.40219.1
Project("{FAE04EC0-301F-11D3-BF4B-00C04F79EFBC}") = "01.MultEvensByOdds", "01.MultEvensByOdds\01.MultEvensByOdds.csproj", "{17B61D4E-6B10-445D-B922-89C050E7C617}"
EndProject
Project("{FAE04EC0-301F-11D3-BF4B-00C04F79EFBC}") = "02.HolidaysBTwoDates", "02.HolidaysBTwoDates\02.HolidaysBTwoDates.csproj", "{058700C3-48A9-477B-992F-93839A795363}"
EndProject
Project("{FAE04EC0-301F-11D3-BF4B-00C04F79EFBC}") = "03.PriceChangeAlert", "03.PriceChangeAlert\03.PriceChangeAlert.csproj", "{B734643D-3CB3-419E-B821-54E67C7E1A4A}"
EndProject
Global
	GlobalSection(SolutionConfigurationPlatforms) = preSolution
		Debug|Any CPU = Debug|Any CPU
		Release|Any CPU = Release|Any CPU
	EndGlobalSection
	GlobalSection(ProjectConfigurationPlatforms) = postSolution
		{17B61D4E-6B10-445D-B922-89C050E7C617}.Debug|Any CPU.ActiveCfg = Debug|Any CPU
		{17B61D4E-6B10-445D-B922-89C050E7C617}.Debug|Any CPU.Build.0 = Debug|Any CPU
		{17B61D4E-6B10-445D-B922-89C050E7C617}.Release|Any CPU.ActiveCfg = Release|Any CPU
		{17B61D4E-6B10-445D-B922-89C050E7C617}.Release|Any CPU.Build.0 = Release|Any CPU
		{058700C3-48A9-477B-992F-93839A795363}.Debug|Any CPU.ActiveCfg = Debug|Any CPU
		{058700C3-48A9-477B-992F-93839A795363}.Debug|Any CPU.Build.0 = Debug|Any CPU
		{058700C3-48A9-477B-992F-93839A795363}.Release|Any CPU.ActiveCfg = Release|Any CPU
		{058700C3-48A9-477B-992F-93839A795363}.Release|Any CPU.Build.0 = Release|Any CPU
		{B734643D-3CB3-419E-B821-54E67C7E1A4A}.Debug|Any CPU.ActiveCfg = Debug|Any CPU
		{B734643D-3CB3-419E-B821-54E67C7E1A4A}.Debug|Any CPU.Build.0 = Debug|Any CPU
		{B734643D-3CB3-419E-B821-54E67C7E1A4A}.Release|Any CPU.ActiveCfg = Release|Any CPU
		{B734643D-3CB3-419E-B821-54E67C7E1A4A}.Release|Any CPU.Build.0 = Release|Any CPU
	EndGlobalSection
	GlobalSection(SolutionProperties) = preSolution
		HideSolutionNode = FALSE
	EndGlobalSection
EndGlobal
