
Microsoft Visual Studio Solution File, Format Version 12.00
# Visual Studio 14
VisualStudioVersion = 14.0.25420.1
MinimumVisualStudioVersion = 10.0.40219.1
Project("{FAE04EC0-301F-11D3-BF4B-00C04F79EFBC}") = "01.CountWorkDays", "01.CountWorkDays\01.CountWorkDays.csproj", "{1C0DA284-C0EF-453C-AB93-B474971AE42F}"
EndProject
Project("{FAE04EC0-301F-11D3-BF4B-00C04F79EFBC}") = "02.AdvertisementMessage", "02.AdvertisementMessage\02.AdvertisementMessage.csproj", "{DA72A57F-5819-4B89-B5F3-38D32FC48E6A}"
EndProject
Project("{FAE04EC0-301F-11D3-BF4B-00C04F79EFBC}") = "03.CirclesIntersection", "03.CirclesIntersection\03.CirclesIntersection.csproj", "{83509FEA-4A04-4FC7-A87D-53CB078ECBF2}"
EndProject
Project("{FAE04EC0-301F-11D3-BF4B-00C04F79EFBC}") = "04.AverageGrades", "04.AverageGrades\04.AverageGrades.csproj", "{116ACAA9-8134-40FD-8D9A-F64B97695BD1}"
EndProject
Project("{FAE04EC0-301F-11D3-BF4B-00C04F79EFBC}") = "05.BookLibrary", "05.BookLibrary\05.BookLibrary.csproj", "{40F5E1C2-AA5A-4385-9906-9F5CB1EFA747}"
EndProject
Project("{FAE04EC0-301F-11D3-BF4B-00C04F79EFBC}") = "06.BookLibraryMod", "06.BookLibraryMod\06.BookLibraryMod.csproj", "{E542494C-22F9-4793-ACEB-6DDED8AD6244}"
EndProject
Project("{FAE04EC0-301F-11D3-BF4B-00C04F79EFBC}") = "07.AndreyAndBilliard", "07.AndreyAndBilliard\07.AndreyAndBilliard.csproj", "{C813B8D3-B016-4867-ADA0-1136EDF3AF7B}"
EndProject
Global
	GlobalSection(SolutionConfigurationPlatforms) = preSolution
		Debug|Any CPU = Debug|Any CPU
		Release|Any CPU = Release|Any CPU
	EndGlobalSection
	GlobalSection(ProjectConfigurationPlatforms) = postSolution
		{1C0DA284-C0EF-453C-AB93-B474971AE42F}.Debug|Any CPU.ActiveCfg = Debug|Any CPU
		{1C0DA284-C0EF-453C-AB93-B474971AE42F}.Debug|Any CPU.Build.0 = Debug|Any CPU
		{1C0DA284-C0EF-453C-AB93-B474971AE42F}.Release|Any CPU.ActiveCfg = Release|Any CPU
		{1C0DA284-C0EF-453C-AB93-B474971AE42F}.Release|Any CPU.Build.0 = Release|Any CPU
		{DA72A57F-5819-4B89-B5F3-38D32FC48E6A}.Debug|Any CPU.ActiveCfg = Debug|Any CPU
		{DA72A57F-5819-4B89-B5F3-38D32FC48E6A}.Debug|Any CPU.Build.0 = Debug|Any CPU
		{DA72A57F-5819-4B89-B5F3-38D32FC48E6A}.Release|Any CPU.ActiveCfg = Release|Any CPU
		{DA72A57F-5819-4B89-B5F3-38D32FC48E6A}.Release|Any CPU.Build.0 = Release|Any CPU
		{83509FEA-4A04-4FC7-A87D-53CB078ECBF2}.Debug|Any CPU.ActiveCfg = Debug|Any CPU
		{83509FEA-4A04-4FC7-A87D-53CB078ECBF2}.Debug|Any CPU.Build.0 = Debug|Any CPU
		{83509FEA-4A04-4FC7-A87D-53CB078ECBF2}.Release|Any CPU.ActiveCfg = Release|Any CPU
		{83509FEA-4A04-4FC7-A87D-53CB078ECBF2}.Release|Any CPU.Build.0 = Release|Any CPU
		{116ACAA9-8134-40FD-8D9A-F64B97695BD1}.Debug|Any CPU.ActiveCfg = Debug|Any CPU
		{116ACAA9-8134-40FD-8D9A-F64B97695BD1}.Debug|Any CPU.Build.0 = Debug|Any CPU
		{116ACAA9-8134-40FD-8D9A-F64B97695BD1}.Release|Any CPU.ActiveCfg = Release|Any CPU
		{116ACAA9-8134-40FD-8D9A-F64B97695BD1}.Release|Any CPU.Build.0 = Release|Any CPU
		{40F5E1C2-AA5A-4385-9906-9F5CB1EFA747}.Debug|Any CPU.ActiveCfg = Debug|Any CPU
		{40F5E1C2-AA5A-4385-9906-9F5CB1EFA747}.Debug|Any CPU.Build.0 = Debug|Any CPU
		{40F5E1C2-AA5A-4385-9906-9F5CB1EFA747}.Release|Any CPU.ActiveCfg = Release|Any CPU
		{40F5E1C2-AA5A-4385-9906-9F5CB1EFA747}.Release|Any CPU.Build.0 = Release|Any CPU
		{E542494C-22F9-4793-ACEB-6DDED8AD6244}.Debug|Any CPU.ActiveCfg = Debug|Any CPU
		{E542494C-22F9-4793-ACEB-6DDED8AD6244}.Debug|Any CPU.Build.0 = Debug|Any CPU
		{E542494C-22F9-4793-ACEB-6DDED8AD6244}.Release|Any CPU.ActiveCfg = Release|Any CPU
		{E542494C-22F9-4793-ACEB-6DDED8AD6244}.Release|Any CPU.Build.0 = Release|Any CPU
		{C813B8D3-B016-4867-ADA0-1136EDF3AF7B}.Debug|Any CPU.ActiveCfg = Debug|Any CPU
		{C813B8D3-B016-4867-ADA0-1136EDF3AF7B}.Debug|Any CPU.Build.0 = Debug|Any CPU
		{C813B8D3-B016-4867-ADA0-1136EDF3AF7B}.Release|Any CPU.ActiveCfg = Release|Any CPU
		{C813B8D3-B016-4867-ADA0-1136EDF3AF7B}.Release|Any CPU.Build.0 = Release|Any CPU
	EndGlobalSection
	GlobalSection(SolutionProperties) = preSolution
		HideSolutionNode = FALSE
	EndGlobalSection
EndGlobal
