
Microsoft Visual Studio Solution File, Format Version 12.00
# Visual Studio 14
VisualStudioVersion = 14.0.25420.1
MinimumVisualStudioVersion = 10.0.40219.1
Project("{FAE04EC0-301F-11D3-BF4B-00C04F79EFBC}") = "09.Altitude", "09.Altitude\09.Altitude.csproj", "{D471A8F3-2051-416D-8C21-C57E27E73414}"
EndProject
Project("{FAE04EC0-301F-11D3-BF4B-00C04F79EFBC}") = "10. BallisticsTraining", "10. BallisticsTraining\10. BallisticsTraining.csproj", "{B9130A70-A87D-4502-B3F3-6AF2F571FA58}"
EndProject
Global
	GlobalSection(SolutionConfigurationPlatforms) = preSolution
		Debug|Any CPU = Debug|Any CPU
		Release|Any CPU = Release|Any CPU
	EndGlobalSection
	GlobalSection(ProjectConfigurationPlatforms) = postSolution
		{D471A8F3-2051-416D-8C21-C57E27E73414}.Debug|Any CPU.ActiveCfg = Debug|Any CPU
		{D471A8F3-2051-416D-8C21-C57E27E73414}.Debug|Any CPU.Build.0 = Debug|Any CPU
		{D471A8F3-2051-416D-8C21-C57E27E73414}.Release|Any CPU.ActiveCfg = Release|Any CPU
		{D471A8F3-2051-416D-8C21-C57E27E73414}.Release|Any CPU.Build.0 = Release|Any CPU
		{B9130A70-A87D-4502-B3F3-6AF2F571FA58}.Debug|Any CPU.ActiveCfg = Debug|Any CPU
		{B9130A70-A87D-4502-B3F3-6AF2F571FA58}.Debug|Any CPU.Build.0 = Debug|Any CPU
		{B9130A70-A87D-4502-B3F3-6AF2F571FA58}.Release|Any CPU.ActiveCfg = Release|Any CPU
		{B9130A70-A87D-4502-B3F3-6AF2F571FA58}.Release|Any CPU.Build.0 = Release|Any CPU
	EndGlobalSection
	GlobalSection(SolutionProperties) = preSolution
		HideSolutionNode = FALSE
	EndGlobalSection
EndGlobal
