
Microsoft Visual Studio Solution File, Format Version 12.00
# Visual Studio 14
VisualStudioVersion = 14.0.25420.1
MinimumVisualStudioVersion = 10.0.40219.1
Project("{FAE04EC0-301F-11D3-BF4B-00C04F79EFBC}") = "01.LambadaExpressions", "01.LambadaExpressions\01.LambadaExpressions.csproj", "{50FD1CC3-9A3B-44A3-84C2-26A7144880EB}"
EndProject
Project("{FAE04EC0-301F-11D3-BF4B-00C04F79EFBC}") = "02.OrderedBankingSystem", "02.OrderedBankingSystem\02.OrderedBankingSystem.csproj", "{E8090B80-FA34-4D51-8ED6-D3D5C899A148}"
EndProject
Project("{FAE04EC0-301F-11D3-BF4B-00C04F79EFBC}") = "03.LINQuistics", "03.LINQuistics\03.LINQuistics.csproj", "{96AEBEFB-5B7A-4E94-B62A-7F25D310761F}"
EndProject
Global
	GlobalSection(SolutionConfigurationPlatforms) = preSolution
		Debug|Any CPU = Debug|Any CPU
		Release|Any CPU = Release|Any CPU
	EndGlobalSection
	GlobalSection(ProjectConfigurationPlatforms) = postSolution
		{50FD1CC3-9A3B-44A3-84C2-26A7144880EB}.Debug|Any CPU.ActiveCfg = Debug|Any CPU
		{50FD1CC3-9A3B-44A3-84C2-26A7144880EB}.Debug|Any CPU.Build.0 = Debug|Any CPU
		{50FD1CC3-9A3B-44A3-84C2-26A7144880EB}.Release|Any CPU.ActiveCfg = Release|Any CPU
		{50FD1CC3-9A3B-44A3-84C2-26A7144880EB}.Release|Any CPU.Build.0 = Release|Any CPU
		{E8090B80-FA34-4D51-8ED6-D3D5C899A148}.Debug|Any CPU.ActiveCfg = Debug|Any CPU
		{E8090B80-FA34-4D51-8ED6-D3D5C899A148}.Debug|Any CPU.Build.0 = Debug|Any CPU
		{E8090B80-FA34-4D51-8ED6-D3D5C899A148}.Release|Any CPU.ActiveCfg = Release|Any CPU
		{E8090B80-FA34-4D51-8ED6-D3D5C899A148}.Release|Any CPU.Build.0 = Release|Any CPU
		{96AEBEFB-5B7A-4E94-B62A-7F25D310761F}.Debug|Any CPU.ActiveCfg = Debug|Any CPU
		{96AEBEFB-5B7A-4E94-B62A-7F25D310761F}.Debug|Any CPU.Build.0 = Debug|Any CPU
		{96AEBEFB-5B7A-4E94-B62A-7F25D310761F}.Release|Any CPU.ActiveCfg = Release|Any CPU
		{96AEBEFB-5B7A-4E94-B62A-7F25D310761F}.Release|Any CPU.Build.0 = Release|Any CPU
	EndGlobalSection
	GlobalSection(SolutionProperties) = preSolution
		HideSolutionNode = FALSE
	EndGlobalSection
EndGlobal
